github.com/openfaas-incubator/go-function-sdk v0.0.0-20200405082418-b31e65bf8a33 h1:KhbcrtXR+IO7IWF08RzKpgMudBhEeRRqNmRurE1iph4=
github.com/openfaas-incubator/go-function-sdk v0.0.0-20200405082418-b31e65bf8a33/go.mod h1:F37Kp+hwdHP+o3UKjkGzikQg4weKiMvcegT9vCQjvjE=
github.com/stevef1uk/test2 v0.0.0-20200413071643-2a808c3b7e0b h1:lwsjKI9lKVfp1FI7//Syg1E9KrN7ZGRG4aTN0HH/3Ho=
github.com/stevef1uk/test2 v0.0.0-20200413071643-2a808c3b7e0b/go.mod h1:2x4KTrBzUTg9P9PYEroaNM/swRG1yblJI0U51t6+4R0=
